
Microsoft Visual Studio Solution File, Format Version 12.00
# Visual Studio 15
VisualStudioVersion = 15.0.28307.489
MinimumVisualStudioVersion = 10.0.40219.1
Project("{FAE04EC0-301F-11D3-BF4B-00C04F79EFBC}") = "CreateExcelDocument", "CreateExcelDocument\CreateExcelDocument.csproj", "{233AE351-AA22-49BD-93D1-BAE0DDFBF1BD}"
EndProject
Global
	GlobalSection(SolutionConfigurationPlatforms) = preSolution
		Debug|Any CPU = Debug|Any CPU
		Release|Any CPU = Release|Any CPU
	EndGlobalSection
	GlobalSection(ProjectConfigurationPlatforms) = postSolution
		{233AE351-AA22-49BD-93D1-BAE0DDFBF1BD}.Debug|Any CPU.ActiveCfg = Debug|Any CPU
		{233AE351-AA22-49BD-93D1-BAE0DDFBF1BD}.Debug|Any CPU.Build.0 = Debug|Any CPU
		{233AE351-AA22-49BD-93D1-BAE0DDFBF1BD}.Release|Any CPU.ActiveCfg = Release|Any CPU
		{233AE351-AA22-49BD-93D1-BAE0DDFBF1BD}.Release|Any CPU.Build.0 = Release|Any CPU
	EndGlobalSection
	GlobalSection(SolutionProperties) = preSolution
		HideSolutionNode = FALSE
	EndGlobalSection
	GlobalSection(ExtensibilityGlobals) = postSolution
		SolutionGuid = {F3736021-66BD-4EA1-A5DA-6FE5CB3964D7}
	EndGlobalSection
EndGlobal
